
Microsoft Visual Studio Solution File, Format Version 12.00
# Visual Studio 2012
Project("{FAE04EC0-301F-11D3-BF4B-00C04F79EFBC}") = "Rel9Ejer13TextoEnriquecido", "Rel9Ejer13TextoEnriquecido\Rel9Ejer13TextoEnriquecido.csproj", "{5D60E54E-D3B1-47FA-B984-8ADB2105BEE0}"
EndProject
Global
	GlobalSection(SolutionConfigurationPlatforms) = preSolution
		Debug|Any CPU = Debug|Any CPU
		Release|Any CPU = Release|Any CPU
	EndGlobalSection
	GlobalSection(ProjectConfigurationPlatforms) = postSolution
		{5D60E54E-D3B1-47FA-B984-8ADB2105BEE0}.Debug|Any CPU.ActiveCfg = Debug|Any CPU
		{5D60E54E-D3B1-47FA-B984-8ADB2105BEE0}.Debug|Any CPU.Build.0 = Debug|Any CPU
		{5D60E54E-D3B1-47FA-B984-8ADB2105BEE0}.Release|Any CPU.ActiveCfg = Release|Any CPU
		{5D60E54E-D3B1-47FA-B984-8ADB2105BEE0}.Release|Any CPU.Build.0 = Release|Any CPU
	EndGlobalSection
	GlobalSection(SolutionProperties) = preSolution
		HideSolutionNode = FALSE
	EndGlobalSection
EndGlobal
