
Microsoft Visual Studio Solution File, Format Version 12.00
# Visual Studio 2012
Project("{FAE04EC0-301F-11D3-BF4B-00C04F79EFBC}") = "Rel9Ejer2EvaluarExpresion", "Rel9Ejer2EvaluarExpresion\Rel9Ejer2EvaluarExpresion.csproj", "{7C9BCA87-D58C-4877-831D-35F3EA70490A}"
EndProject
Global
	GlobalSection(SolutionConfigurationPlatforms) = preSolution
		Debug|Any CPU = Debug|Any CPU
		Release|Any CPU = Release|Any CPU
	EndGlobalSection
	GlobalSection(ProjectConfigurationPlatforms) = postSolution
		{7C9BCA87-D58C-4877-831D-35F3EA70490A}.Debug|Any CPU.ActiveCfg = Debug|Any CPU
		{7C9BCA87-D58C-4877-831D-35F3EA70490A}.Debug|Any CPU.Build.0 = Debug|Any CPU
		{7C9BCA87-D58C-4877-831D-35F3EA70490A}.Release|Any CPU.ActiveCfg = Release|Any CPU
		{7C9BCA87-D58C-4877-831D-35F3EA70490A}.Release|Any CPU.Build.0 = Release|Any CPU
	EndGlobalSection
	GlobalSection(SolutionProperties) = preSolution
		HideSolutionNode = FALSE
	EndGlobalSection
EndGlobal
