
Microsoft Visual Studio Solution File, Format Version 12.00
# Visual Studio 2012
Project("{FAE04EC0-301F-11D3-BF4B-00C04F79EFBC}") = "Rel9Ejer7MatrizNumeros", "Rel9Ejer7MatrizNumeros\Rel9Ejer7MatrizNumeros.csproj", "{A6C3195A-7876-4220-A286-894BB96F0CF6}"
EndProject
Global
	GlobalSection(SolutionConfigurationPlatforms) = preSolution
		Debug|Any CPU = Debug|Any CPU
		Release|Any CPU = Release|Any CPU
	EndGlobalSection
	GlobalSection(ProjectConfigurationPlatforms) = postSolution
		{A6C3195A-7876-4220-A286-894BB96F0CF6}.Debug|Any CPU.ActiveCfg = Debug|Any CPU
		{A6C3195A-7876-4220-A286-894BB96F0CF6}.Debug|Any CPU.Build.0 = Debug|Any CPU
		{A6C3195A-7876-4220-A286-894BB96F0CF6}.Release|Any CPU.ActiveCfg = Release|Any CPU
		{A6C3195A-7876-4220-A286-894BB96F0CF6}.Release|Any CPU.Build.0 = Release|Any CPU
	EndGlobalSection
	GlobalSection(SolutionProperties) = preSolution
		HideSolutionNode = FALSE
	EndGlobalSection
EndGlobal
